
Microsoft Visual Studio Solution File, Format Version 12.00
# Visual Studio Version 16
VisualStudioVersion = 16.0.29613.14
MinimumVisualStudioVersion = 10.0.40219.1
Project("{FAE04EC0-301F-11D3-BF4B-00C04F79EFBC}") = "UploadData", "UploadData\UploadData.csproj", "{7DF0AB8D-106F-4ED7-AD6D-D56766568106}"
EndProject
Project("{FAE04EC0-301F-11D3-BF4B-00C04F79EFBC}") = "UploadData.Test", "UploadData.Test\UploadData.Test.csproj", "{09930C5C-8860-4560-949D-4EA7CA0BBB8D}"
EndProject
Global
	GlobalSection(SolutionConfigurationPlatforms) = preSolution
		Debug|Any CPU = Debug|Any CPU
		Release|Any CPU = Release|Any CPU
	EndGlobalSection
	GlobalSection(ProjectConfigurationPlatforms) = postSolution
		{7DF0AB8D-106F-4ED7-AD6D-D56766568106}.Debug|Any CPU.ActiveCfg = Debug|Any CPU
		{7DF0AB8D-106F-4ED7-AD6D-D56766568106}.Debug|Any CPU.Build.0 = Debug|Any CPU
		{7DF0AB8D-106F-4ED7-AD6D-D56766568106}.Release|Any CPU.ActiveCfg = Release|Any CPU
		{7DF0AB8D-106F-4ED7-AD6D-D56766568106}.Release|Any CPU.Build.0 = Release|Any CPU
		{09930C5C-8860-4560-949D-4EA7CA0BBB8D}.Debug|Any CPU.ActiveCfg = Debug|Any CPU
		{09930C5C-8860-4560-949D-4EA7CA0BBB8D}.Debug|Any CPU.Build.0 = Debug|Any CPU
		{09930C5C-8860-4560-949D-4EA7CA0BBB8D}.Release|Any CPU.ActiveCfg = Release|Any CPU
		{09930C5C-8860-4560-949D-4EA7CA0BBB8D}.Release|Any CPU.Build.0 = Release|Any CPU
	EndGlobalSection
	GlobalSection(SolutionProperties) = preSolution
		HideSolutionNode = FALSE
	EndGlobalSection
	GlobalSection(ExtensibilityGlobals) = postSolution
		SolutionGuid = {26A5DC6F-7FD5-4A70-8A61-BA2D42AE1B0B}
	EndGlobalSection
EndGlobal
